// !$*UTF8*$!
{
	archiveVersion = 1;
	classes = {
	};
	objectVersion = 55;
	objects = {

/* Begin PBXBuildFile section */
		A142968628B7FDDB00E3FE4A /* SnapKit in Frameworks */ = {isa = PBXBuildFile; productRef = A142968528B7FDDB00E3FE4A /* SnapKit */; };
		A147763328B7F02000CF9A6E /* AppDelegate.swift in Sources */ = {isa = PBXBuildFile; fileRef = A147763228B7F02000CF9A6E /* AppDelegate.swift */; };
		A147763728B7F02000CF9A6E /* MainViewController.swift in Sources */ = {isa = PBXBuildFile; fileRef = A147763628B7F02000CF9A6E /* MainViewController.swift */; };
		A147763C28B7F02000CF9A6E /* Assets.xcassets in Resources */ = {isa = PBXBuildFile; fileRef = A147763B28B7F02000CF9A6E /* Assets.xcassets */; };
		A147763F28B7F02000CF9A6E /* LaunchScreen.storyboard in Resources */ = {isa = PBXBuildFile; fileRef = A147763D28B7F02000CF9A6E /* LaunchScreen.storyboard */; };
		A17174F428B8EBD9003BC4AA /* ViewCode.swift in Sources */ = {isa = PBXBuildFile; fileRef = A17174F328B8EBD9003BC4AA /* ViewCode.swift */; };
		A17174FA28B8EC64003BC4AA /* MainView.swift in Sources */ = {isa = PBXBuildFile; fileRef = A17174F928B8EC64003BC4AA /* MainView.swift */; };
		A17174FF28B8EF2F003BC4AA /* StepperView.swift in Sources */ = {isa = PBXBuildFile; fileRef = A17174FE28B8EF2F003BC4AA /* StepperView.swift */; };
		A171750128B8F159003BC4AA /* StepperView.StepView.swift in Sources */ = {isa = PBXBuildFile; fileRef = A171750028B8F159003BC4AA /* StepperView.StepView.swift */; };
/* End PBXBuildFile section */

/* Begin PBXFileReference section */
		A147762F28B7F02000CF9A6E /* ios-stepper-example.app */ = {isa = PBXFileReference; explicitFileType = wrapper.application; includeInIndex = 0; path = "ios-stepper-example.app"; sourceTree = BUILT_PRODUCTS_DIR; };
		A147763228B7F02000CF9A6E /* AppDelegate.swift */ = {isa = PBXFileReference; lastKnownFileType = sourcecode.swift; path = AppDelegate.swift; sourceTree = "<group>"; };
		A147763628B7F02000CF9A6E /* MainViewController.swift */ = {isa = PBXFileReference; lastKnownFileType = sourcecode.swift; path = MainViewController.swift; sourceTree = "<group>"; };
		A147763B28B7F02000CF9A6E /* Assets.xcassets */ = {isa = PBXFileReference; lastKnownFileType = folder.assetcatalog; path = Assets.xcassets; sourceTree = "<group>"; };
		A147763E28B7F02000CF9A6E /* Base */ = {isa = PBXFileReference; lastKnownFileType = file.storyboard; name = Base; path = Base.lproj/LaunchScreen.storyboard; sourceTree = "<group>"; };
		A147764028B7F02000CF9A6E /* Info.plist */ = {isa = PBXFileReference; lastKnownFileType = text.plist.xml; path = Info.plist; sourceTree = "<group>"; };
		A17174F328B8EBD9003BC4AA /* ViewCode.swift */ = {isa = PBXFileReference; lastKnownFileType = sourcecode.swift; path = ViewCode.swift; sourceTree = "<group>"; };
		A17174F928B8EC64003BC4AA /* MainView.swift */ = {isa = PBXFileReference; lastKnownFileType = sourcecode.swift; path = MainView.swift; sourceTree = "<group>"; };
		A17174FE28B8EF2F003BC4AA /* StepperView.swift */ = {isa = PBXFileReference; lastKnownFileType = sourcecode.swift; path = StepperView.swift; sourceTree = "<group>"; };
		A171750028B8F159003BC4AA /* StepperView.StepView.swift */ = {isa = PBXFileReference; lastKnownFileType = sourcecode.swift; path = StepperView.StepView.swift; sourceTree = "<group>"; };
/* End PBXFileReference section */

/* Begin PBXFrameworksBuildPhase section */
		A147762C28B7F02000CF9A6E /* Frameworks */ = {
			isa = PBXFrameworksBuildPhase;
			buildActionMask = 2147483647;
			files = (
				A142968628B7FDDB00E3FE4A /* SnapKit in Frameworks */,
			);
			runOnlyForDeploymentPostprocessing = 0;
		};
/* End PBXFrameworksBuildPhase section */

/* Begin PBXGroup section */
		A147762628B7F02000CF9A6E = {
			isa = PBXGroup;
			children = (
				A147763128B7F02000CF9A6E /* ios-stepper-example */,
				A147763028B7F02000CF9A6E /* Products */,
			);
			sourceTree = "<group>";
		};
		A147763028B7F02000CF9A6E /* Products */ = {
			isa = PBXGroup;
			children = (
				A147762F28B7F02000CF9A6E /* ios-stepper-example.app */,
			);
			name = Products;
			sourceTree = "<group>";
		};
		A147763128B7F02000CF9A6E /* ios-stepper-example */ = {
			isa = PBXGroup;
			children = (
				A17174F128B8EBC6003BC4AA /* Core */,
				A17174F528B8EC39003BC4AA /* Presentation */,
				A147763228B7F02000CF9A6E /* AppDelegate.swift */,
				A147763B28B7F02000CF9A6E /* Assets.xcassets */,
				A147763D28B7F02000CF9A6E /* LaunchScreen.storyboard */,
				A147764028B7F02000CF9A6E /* Info.plist */,
			);
			path = "ios-stepper-example";
			sourceTree = "<group>";
		};
		A17174F128B8EBC6003BC4AA /* Core */ = {
			isa = PBXGroup;
			children = (
				A17174F228B8EBCC003BC4AA /* Protocol  */,
			);
			path = Core;
			sourceTree = "<group>";
		};
		A17174F228B8EBCC003BC4AA /* Protocol  */ = {
			isa = PBXGroup;
			children = (
				A17174F328B8EBD9003BC4AA /* ViewCode.swift */,
			);
			path = "Protocol ";
			sourceTree = "<group>";
		};
		A17174F528B8EC39003BC4AA /* Presentation */ = {
			isa = PBXGroup;
			children = (
				A17174FC28B8EF16003BC4AA /* Components */,
				A17174FB28B8EF0F003BC4AA /* Features */,
			);
			path = Presentation;
			sourceTree = "<group>";
		};
		A17174F628B8EC42003BC4AA /* Main */ = {
			isa = PBXGroup;
			children = (
				A17174F928B8EC64003BC4AA /* MainView.swift */,
				A147763628B7F02000CF9A6E /* MainViewController.swift */,
			);
			path = Main;
			sourceTree = "<group>";
		};
		A17174FB28B8EF0F003BC4AA /* Features */ = {
			isa = PBXGroup;
			children = (
				A17174F628B8EC42003BC4AA /* Main */,
			);
			path = Features;
			sourceTree = "<group>";
		};
		A17174FC28B8EF16003BC4AA /* Components */ = {
			isa = PBXGroup;
			children = (
				A17174FD28B8EF21003BC4AA /* Streapper */,
			);
			path = Components;
			sourceTree = "<group>";
		};
		A17174FD28B8EF21003BC4AA /* Streapper */ = {
			isa = PBXGroup;
			children = (
				A17174FE28B8EF2F003BC4AA /* StepperView.swift */,
				A171750028B8F159003BC4AA /* StepperView.StepView.swift */,
			);
			path = Streapper;
			sourceTree = "<group>";
		};
/* End PBXGroup section */

/* Begin PBXNativeTarget section */
		A147762E28B7F02000CF9A6E /* ios-stepper-example */ = {
			isa = PBXNativeTarget;
			buildConfigurationList = A147765928B7F02000CF9A6E /* Build configuration list for PBXNativeTarget "ios-stepper-example" */;
			buildPhases = (
				A147762B28B7F02000CF9A6E /* Sources */,
				A147762C28B7F02000CF9A6E /* Frameworks */,
				A147762D28B7F02000CF9A6E /* Resources */,
			);
			buildRules = (
			);
			dependencies = (
			);
			name = "ios-stepper-example";
			packageProductDependencies = (
				A142968528B7FDDB00E3FE4A /* SnapKit */,
			);
			productName = "ios-breadcrumbs-example";
			productReference = A147762F28B7F02000CF9A6E /* ios-stepper-example.app */;
			productType = "com.apple.product-type.application";
		};
/* End PBXNativeTarget section */

/* Begin PBXProject section */
		A147762728B7F02000CF9A6E /* Project object */ = {
			isa = PBXProject;
			attributes = {
				BuildIndependentTargetsInParallel = 1;
				LastSwiftUpdateCheck = 1340;
				LastUpgradeCheck = 1340;
				TargetAttributes = {
					A147762E28B7F02000CF9A6E = {
						CreatedOnToolsVersion = 13.4.1;
					};
				};
			};
			buildConfigurationList = A147762A28B7F02000CF9A6E /* Build configuration list for PBXProject "ios-stepper-example" */;
			compatibilityVersion = "Xcode 13.0";
			developmentRegion = en;
			hasScannedForEncodings = 0;
			knownRegions = (
				en,
				Base,
			);
			mainGroup = A147762628B7F02000CF9A6E;
			packageReferences = (
				A142968428B7FDDB00E3FE4A /* XCRemoteSwiftPackageReference "SnapKit" */,
			);
			productRefGroup = A147763028B7F02000CF9A6E /* Products */;
			projectDirPath = "";
			projectRoot = "";
			targets = (
				A147762E28B7F02000CF9A6E /* ios-stepper-example */,
			);
		};
/* End PBXProject section */

/* Begin PBXResourcesBuildPhase section */
		A147762D28B7F02000CF9A6E /* Resources */ = {
			isa = PBXResourcesBuildPhase;
			buildActionMask = 2147483647;
			files = (
				A147763F28B7F02000CF9A6E /* LaunchScreen.storyboard in Resources */,
				A147763C28B7F02000CF9A6E /* Assets.xcassets in Resources */,
			);
			runOnlyForDeploymentPostprocessing = 0;
		};
/* End PBXResourcesBuildPhase section */

/* Begin PBXSourcesBuildPhase section */
		A147762B28B7F02000CF9A6E /* Sources */ = {
			isa = PBXSourcesBuildPhase;
			buildActionMask = 2147483647;
			files = (
				A147763728B7F02000CF9A6E /* MainViewController.swift in Sources */,
				A171750128B8F159003BC4AA /* StepperView.StepView.swift in Sources */,
				A147763328B7F02000CF9A6E /* AppDelegate.swift in Sources */,
				A17174FA28B8EC64003BC4AA /* MainView.swift in Sources */,
				A17174F428B8EBD9003BC4AA /* ViewCode.swift in Sources */,
				A17174FF28B8EF2F003BC4AA /* StepperView.swift in Sources */,
			);
			runOnlyForDeploymentPostprocessing = 0;
		};
/* End PBXSourcesBuildPhase section */

/* Begin PBXVariantGroup section */
		A147763D28B7F02000CF9A6E /* LaunchScreen.storyboard */ = {
			isa = PBXVariantGroup;
			children = (
				A147763E28B7F02000CF9A6E /* Base */,
			);
			name = LaunchScreen.storyboard;
			sourceTree = "<group>";
		};
/* End PBXVariantGroup section */

/* Begin XCBuildConfiguration section */
		A147765728B7F02000CF9A6E /* Debug */ = {
			isa = XCBuildConfiguration;
			buildSettings = {
				ALWAYS_SEARCH_USER_PATHS = NO;
				CLANG_ANALYZER_NONNULL = YES;
				CLANG_ANALYZER_NUMBER_OBJECT_CONVERSION = YES_AGGRESSIVE;
				CLANG_CXX_LANGUAGE_STANDARD = "gnu++17";
				CLANG_ENABLE_MODULES = YES;
				CLANG_ENABLE_OBJC_ARC = YES;
				CLANG_ENABLE_OBJC_WEAK = YES;
				CLANG_WARN_BLOCK_CAPTURE_AUTORELEASING = YES;
				CLANG_WARN_BOOL_CONVERSION = YES;
				CLANG_WARN_COMMA = YES;
				CLANG_WARN_CONSTANT_CONVERSION = YES;
				CLANG_WARN_DEPRECATED_OBJC_IMPLEMENTATIONS = YES;
				CLANG_WARN_DIRECT_OBJC_ISA_USAGE = YES_ERROR;
				CLANG_WARN_DOCUMENTATION_COMMENTS = YES;
				CLANG_WARN_EMPTY_BODY = YES;
				CLANG_WARN_ENUM_CONVERSION = YES;
				CLANG_WARN_INFINITE_RECURSION = YES;
				CLANG_WARN_INT_CONVERSION = YES;
				CLANG_WARN_NON_LITERAL_NULL_CONVERSION = YES;
				CLANG_WARN_OBJC_IMPLICIT_RETAIN_SELF = YES;
				CLANG_WARN_OBJC_LITERAL_CONVERSION = YES;
				CLANG_WARN_OBJC_ROOT_CLASS = YES_ERROR;
				CLANG_WARN_QUOTED_INCLUDE_IN_FRAMEWORK_HEADER = YES;
				CLANG_WARN_RANGE_LOOP_ANALYSIS = YES;
				CLANG_WARN_STRICT_PROTOTYPES = YES;
				CLANG_WARN_SUSPICIOUS_MOVE = YES;
				CLANG_WARN_UNGUARDED_AVAILABILITY = YES_AGGRESSIVE;
				CLANG_WARN_UNREACHABLE_CODE = YES;
				CLANG_WARN__DUPLICATE_METHOD_MATCH = YES;
				COPY_PHASE_STRIP = NO;
				DEBUG_INFORMATION_FORMAT = dwarf;
				ENABLE_STRICT_OBJC_MSGSEND = YES;
				ENABLE_TESTABILITY = YES;
				GCC_C_LANGUAGE_STANDARD = gnu11;
				GCC_DYNAMIC_NO_PIC = NO;
				GCC_NO_COMMON_BLOCKS = YES;
				GCC_OPTIMIZATION_LEVEL = 0;
				GCC_PREPROCESSOR_DEFINITIONS = (
					"DEBUG=1",
					"$(inherited)",
				);
				GCC_WARN_64_TO_32_BIT_CONVERSION = YES;
				GCC_WARN_ABOUT_RETURN_TYPE = YES_ERROR;
				GCC_WARN_UNDECLARED_SELECTOR = YES;
				GCC_WARN_UNINITIALIZED_AUTOS = YES_AGGRESSIVE;
				GCC_WARN_UNUSED_FUNCTION = YES;
				GCC_WARN_UNUSED_VARIABLE = YES;
				IPHONEOS_DEPLOYMENT_TARGET = 15.5;
				MTL_ENABLE_DEBUG_INFO = INCLUDE_SOURCE;
				MTL_FAST_MATH = YES;
				ONLY_ACTIVE_ARCH = YES;
				SDKROOT = iphoneos;
				SWIFT_ACTIVE_COMPILATION_CONDITIONS = DEBUG;
				SWIFT_OPTIMIZATION_LEVEL = "-Onone";
			};
			name = Debug;
		};
		A147765828B7F02000CF9A6E /* Release */ = {
			isa = XCBuildConfiguration;
			buildSettings = {
				ALWAYS_SEARCH_USER_PATHS = NO;
				CLANG_ANALYZER_NONNULL = YES;
				CLANG_ANALYZER_NUMBER_OBJECT_CONVERSION = YES_AGGRESSIVE;
				CLANG_CXX_LANGUAGE_STANDARD = "gnu++17";
				CLANG_ENABLE_MODULES = YES;
				CLANG_ENABLE_OBJC_ARC = YES;
				CLANG_ENABLE_OBJC_WEAK = YES;
				CLANG_WARN_BLOCK_CAPTURE_AUTORELEASING = YES;
				CLANG_WARN_BOOL_CONVERSION = YES;
				CLANG_WARN_COMMA = YES;
				CLANG_WARN_CONSTANT_CONVERSION = YES;
				CLANG_WARN_DEPRECATED_OBJC_IMPLEMENTATIONS = YES;
				CLANG_WARN_DIRECT_OBJC_ISA_USAGE = YES_ERROR;
				CLANG_WARN_DOCUMENTATION_COMMENTS = YES;
				CLANG_WARN_EMPTY_BODY = YES;
				CLANG_WARN_ENUM_CONVERSION = YES;
				CLANG_WARN_INFINITE_RECURSION = YES;
				CLANG_WARN_INT_CONVERSION = YES;
				CLANG_WARN_NON_LITERAL_NULL_CONVERSION = YES;
				CLANG_WARN_OBJC_IMPLICIT_RETAIN_SELF = YES;
				CLANG_WARN_OBJC_LITERAL_CONVERSION = YES;
				CLANG_WARN_OBJC_ROOT_CLASS = YES_ERROR;
				CLANG_WARN_QUOTED_INCLUDE_IN_FRAMEWORK_HEADER = YES;
				CLANG_WARN_RANGE_LOOP_ANALYSIS = YES;
				CLANG_WARN_STRICT_PROTOTYPES = YES;
				CLANG_WARN_SUSPICIOUS_MOVE = YES;
				CLANG_WARN_UNGUARDED_AVAILABILITY = YES_AGGRESSIVE;
				CLANG_WARN_UNREACHABLE_CODE = YES;
				CLANG_WARN__DUPLICATE_METHOD_MATCH = YES;
				COPY_PHASE_STRIP = NO;
				DEBUG_INFORMATION_FORMAT = "dwarf-with-dsym";
				ENABLE_NS_ASSERTIONS = NO;
				ENABLE_STRICT_OBJC_MSGSEND = YES;
				GCC_C_LANGUAGE_STANDARD = gnu11;
				GCC_NO_COMMON_BLOCKS = YES;
				GCC_WARN_64_TO_32_BIT_CONVERSION = YES;
				GCC_WARN_ABOUT_RETURN_TYPE = YES_ERROR;
				GCC_WARN_UNDECLARED_SELECTOR = YES;
				GCC_WARN_UNINITIALIZED_AUTOS = YES_AGGRESSIVE;
				GCC_WARN_UNUSED_FUNCTION = YES;
				GCC_WARN_UNUSED_VARIABLE = YES;
				IPHONEOS_DEPLOYMENT_TARGET = 15.5;
				MTL_ENABLE_DEBUG_INFO = NO;
				MTL_FAST_MATH = YES;
				SDKROOT = iphoneos;
				SWIFT_COMPILATION_MODE = wholemodule;
				SWIFT_OPTIMIZATION_LEVEL = "-O";
				VALIDATE_PRODUCT = YES;
			};
			name = Release;
		};
		A147765A28B7F02000CF9A6E /* Debug */ = {
			isa = XCBuildConfiguration;
			buildSettings = {
				ASSETCATALOG_COMPILER_APPICON_NAME = AppIcon;
				ASSETCATALOG_COMPILER_GLOBAL_ACCENT_COLOR_NAME = AccentColor;
				CODE_SIGN_STYLE = Manual;
				CURRENT_PROJECT_VERSION = 1;
				DEVELOPMENT_TEAM = "";
				GENERATE_INFOPLIST_FILE = YES;
				INFOPLIST_FILE = "ios-stepper-example/Info.plist";
				INFOPLIST_KEY_CFBundleDisplayName = "Stepper Example";
				INFOPLIST_KEY_UIApplicationSupportsIndirectInputEvents = YES;
				INFOPLIST_KEY_UILaunchStoryboardName = LaunchScreen;
				INFOPLIST_KEY_UISupportedInterfaceOrientations_iPad = "UIInterfaceOrientationPortrait UIInterfaceOrientationPortraitUpsideDown UIInterfaceOrientationLandscapeLeft UIInterfaceOrientationLandscapeRight";
				INFOPLIST_KEY_UISupportedInterfaceOrientations_iPhone = "UIInterfaceOrientationPortrait UIInterfaceOrientationLandscapeLeft UIInterfaceOrientationLandscapeRight";
				LD_RUNPATH_SEARCH_PATHS = (
					"$(inherited)",
					"@executable_path/Frameworks",
				);
				MARKETING_VERSION = 1.0;
				PRODUCT_BUNDLE_IDENTIFIER = "br.com.joaoduarte.ios-stepper-example";
				PRODUCT_NAME = "$(TARGET_NAME)";
				PROVISIONING_PROFILE_SPECIFIER = "";
				SWIFT_EMIT_LOC_STRINGS = YES;
				SWIFT_VERSION = 5.0;
				TARGETED_DEVICE_FAMILY = "1,2";
			};
			name = Debug;
		};
		A147765B28B7F02000CF9A6E /* Release */ = {
			isa = XCBuildConfiguration;
			buildSettings = {
				ASSETCATALOG_COMPILER_APPICON_NAME = AppIcon;
				ASSETCATALOG_COMPILER_GLOBAL_ACCENT_COLOR_NAME = AccentColor;
				CODE_SIGN_STYLE = Manual;
				CURRENT_PROJECT_VERSION = 1;
				DEVELOPMENT_TEAM = "";
				GENERATE_INFOPLIST_FILE = YES;
				INFOPLIST_FILE = "ios-stepper-example/Info.plist";
				INFOPLIST_KEY_CFBundleDisplayName = "Stepper Example";
				INFOPLIST_KEY_UIApplicationSupportsIndirectInputEvents = YES;
				INFOPLIST_KEY_UILaunchStoryboardName = LaunchScreen;
				INFOPLIST_KEY_UISupportedInterfaceOrientations_iPad = "UIInterfaceOrientationPortrait UIInterfaceOrientationPortraitUpsideDown UIInterfaceOrientationLandscapeLeft UIInterfaceOrientationLandscapeRight";
				INFOPLIST_KEY_UISupportedInterfaceOrientations_iPhone = "UIInterfaceOrientationPortrait UIInterfaceOrientationLandscapeLeft UIInterfaceOrientationLandscapeRight";
				LD_RUNPATH_SEARCH_PATHS = (
					"$(inherited)",
					"@executable_path/Frameworks",
				);
				MARKETING_VERSION = 1.0;
				PRODUCT_BUNDLE_IDENTIFIER = "br.com.joaoduarte.ios-stepper-example";
				PRODUCT_NAME = "$(TARGET_NAME)";
				PROVISIONING_PROFILE_SPECIFIER = "";
				SWIFT_EMIT_LOC_STRINGS = YES;
				SWIFT_VERSION = 5.0;
				TARGETED_DEVICE_FAMILY = "1,2";
			};
			name = Release;
		};
/* End XCBuildConfiguration section */

/* Begin XCConfigurationList section */
		A147762A28B7F02000CF9A6E /* Build configuration list for PBXProject "ios-stepper-example" */ = {
			isa = XCConfigurationList;
			buildConfigurations = (
				A147765728B7F02000CF9A6E /* Debug */,
				A147765828B7F02000CF9A6E /* Release */,
			);
			defaultConfigurationIsVisible = 0;
			defaultConfigurationName = Release;
		};
		A147765928B7F02000CF9A6E /* Build configuration list for PBXNativeTarget "ios-stepper-example" */ = {
			isa = XCConfigurationList;
			buildConfigurations = (
				A147765A28B7F02000CF9A6E /* Debug */,
				A147765B28B7F02000CF9A6E /* Release */,
			);
			defaultConfigurationIsVisible = 0;
			defaultConfigurationName = Release;
		};
/* End XCConfigurationList section */

/* Begin XCRemoteSwiftPackageReference section */
		A142968428B7FDDB00E3FE4A /* XCRemoteSwiftPackageReference "SnapKit" */ = {
			isa = XCRemoteSwiftPackageReference;
			repositoryURL = "https://github.com/SnapKit/SnapKit";
			requirement = {
				kind = upToNextMajorVersion;
				minimumVersion = 5.0.0;
			};
		};
/* End XCRemoteSwiftPackageReference section */

/* Begin XCSwiftPackageProductDependency section */
		A142968528B7FDDB00E3FE4A /* SnapKit */ = {
			isa = XCSwiftPackageProductDependency;
			package = A142968428B7FDDB00E3FE4A /* XCRemoteSwiftPackageReference "SnapKit" */;
			productName = SnapKit;
		};
/* End XCSwiftPackageProductDependency section */
	};
	rootObject = A147762728B7F02000CF9A6E /* Project object */;
}
